
Microsoft Visual Studio Solution File, Format Version 12.00
# Visual Studio Version 16
VisualStudioVersion = 16.0.29911.84
MinimumVisualStudioVersion = 10.0.40219.1
Project("{9A19103F-16F7-4668-BE54-9A1E7A4F7556}") = "GrpcPostCommentServer", "GrpcPostCommentServer\GrpcPostCommentServer.csproj", "{714BF47F-40D7-4586-9AFE-E01486B1CFB4}"
EndProject
Project("{FAE04EC0-301F-11D3-BF4B-00C04F79EFBC}") = "PostComment", "PostComment\PostComment.csproj", "{4F633262-A5ED-49E3-9FD0-AF81BD1C85AC}"
EndProject
Global
	GlobalSection(SolutionConfigurationPlatforms) = preSolution
		Debug|Any CPU = Debug|Any CPU
		Release|Any CPU = Release|Any CPU
	EndGlobalSection
	GlobalSection(ProjectConfigurationPlatforms) = postSolution
		{714BF47F-40D7-4586-9AFE-E01486B1CFB4}.Debug|Any CPU.ActiveCfg = Debug|Any CPU
		{714BF47F-40D7-4586-9AFE-E01486B1CFB4}.Debug|Any CPU.Build.0 = Debug|Any CPU
		{714BF47F-40D7-4586-9AFE-E01486B1CFB4}.Release|Any CPU.ActiveCfg = Debug|Any CPU
		{714BF47F-40D7-4586-9AFE-E01486B1CFB4}.Release|Any CPU.Build.0 = Debug|Any CPU
		{4F633262-A5ED-49E3-9FD0-AF81BD1C85AC}.Debug|Any CPU.ActiveCfg = Debug|Any CPU
		{4F633262-A5ED-49E3-9FD0-AF81BD1C85AC}.Debug|Any CPU.Build.0 = Debug|Any CPU
		{4F633262-A5ED-49E3-9FD0-AF81BD1C85AC}.Release|Any CPU.ActiveCfg = Debug|Any CPU
		{4F633262-A5ED-49E3-9FD0-AF81BD1C85AC}.Release|Any CPU.Build.0 = Debug|Any CPU
	EndGlobalSection
	GlobalSection(SolutionProperties) = preSolution
		HideSolutionNode = FALSE
	EndGlobalSection
	GlobalSection(ExtensibilityGlobals) = postSolution
		SolutionGuid = {1102FC4B-AD0C-4162-AC50-5BAC7F951FDB}
	EndGlobalSection
EndGlobal
